// !$*UTF8*$!
{
	archiveVersion = 1;
	classes = {
	};
	objectVersion = 50;
	objects = {

/* Begin PBXBuildFile section */
		5815294025B6C8F600E8D23A /* SVGPaint.swift in Sources */ = {isa = PBXBuildFile; fileRef = 5815293F25B6C8F600E8D23A /* SVGPaint.swift */; };
		5815294425B6C90F00E8D23A /* SVGColor.swift in Sources */ = {isa = PBXBuildFile; fileRef = 5815294325B6C90F00E8D23A /* SVGColor.swift */; };
		5815298A25B752E600E8D23A /* SVGPreserveAspectRatio.swift in Sources */ = {isa = PBXBuildFile; fileRef = 5815298925B752E600E8D23A /* SVGPreserveAspectRatio.swift */; };
		582D0C262840189A00F945D8 /* SVGLinker.swift in Sources */ = {isa = PBXBuildFile; fileRef = 582D0C252840189A00F945D8 /* SVGLinker.swift */; };
		582D0C272840189A00F945D8 /* SVGLinker.swift in Sources */ = {isa = PBXBuildFile; fileRef = 582D0C252840189A00F945D8 /* SVGLinker.swift */; };
		582D0C2A28401A5600F945D8 /* SVGScreen.swift in Sources */ = {isa = PBXBuildFile; fileRef = 582D0C2928401A5600F945D8 /* SVGScreen.swift */; };
		582D0C2B28401A5600F945D8 /* SVGScreen.swift in Sources */ = {isa = PBXBuildFile; fileRef = 582D0C2928401A5600F945D8 /* SVGScreen.swift */; };
		584FB657283E9CD000DC8015 /* SVGContext.swift in Sources */ = {isa = PBXBuildFile; fileRef = 584FB656283E9CD000DC8015 /* SVGContext.swift */; };
		584FB658283E9CD000DC8015 /* SVGContext.swift in Sources */ = {isa = PBXBuildFile; fileRef = 584FB656283E9CD000DC8015 /* SVGContext.swift */; };
		584FB65A283E9D3F00DC8015 /* SVGLogger.swift in Sources */ = {isa = PBXBuildFile; fileRef = 584FB659283E9D3F00DC8015 /* SVGLogger.swift */; };
		584FB65B283E9D3F00DC8015 /* SVGLogger.swift in Sources */ = {isa = PBXBuildFile; fileRef = 584FB659283E9D3F00DC8015 /* SVGLogger.swift */; };
		5852D66325BD726A00AD201D /* w3c in Resources */ = {isa = PBXBuildFile; fileRef = 5852D66225BD726A00AD201D /* w3c */; };
		5852D67725BD74EF00AD201D /* SVG12Tests.swift in Sources */ = {isa = PBXBuildFile; fileRef = 5852D67625BD74EF00AD201D /* SVG12Tests.swift */; };
		585A5C2725CFF2B9000E8B88 /* SVGRefGenerator.swift in Sources */ = {isa = PBXBuildFile; fileRef = 585A5C2625CFF2B9000E8B88 /* SVGRefGenerator.swift */; };
		585A5C2F25D007B6000E8B88 /* SVG11Tests.swift in Sources */ = {isa = PBXBuildFile; fileRef = 585A5C2E25D007B6000E8B88 /* SVG11Tests.swift */; };
		585A5C3525D007EA000E8B88 /* BaseTestCase.swift in Sources */ = {isa = PBXBuildFile; fileRef = 585A5C3425D007EA000E8B88 /* BaseTestCase.swift */; };
		585A5C6125E2CCB6000E8B88 /* SVGGradient.swift in Sources */ = {isa = PBXBuildFile; fileRef = 585A5C6025E2CCB6000E8B88 /* SVGGradient.swift */; };
		586D5C2228428D1C00C79E0E /* SVGElementParser.swift in Sources */ = {isa = PBXBuildFile; fileRef = 586D5C2128428D1C00C79E0E /* SVGElementParser.swift */; };
		586D5C2328428D1C00C79E0E /* SVGElementParser.swift in Sources */ = {isa = PBXBuildFile; fileRef = 586D5C2128428D1C00C79E0E /* SVGElementParser.swift */; };
		586D5C2928428DB600C79E0E /* SVGStructureParsers.swift in Sources */ = {isa = PBXBuildFile; fileRef = 586D5C2828428DB600C79E0E /* SVGStructureParsers.swift */; };
		586D5C2A28428DB600C79E0E /* SVGStructureParsers.swift in Sources */ = {isa = PBXBuildFile; fileRef = 586D5C2828428DB600C79E0E /* SVGStructureParsers.swift */; };
		586D5C2C284295C400C79E0E /* SVGTextParser.swift in Sources */ = {isa = PBXBuildFile; fileRef = 586D5C2B284295C400C79E0E /* SVGTextParser.swift */; };
		586D5C2D284295C400C79E0E /* SVGTextParser.swift in Sources */ = {isa = PBXBuildFile; fileRef = 586D5C2B284295C400C79E0E /* SVGTextParser.swift */; };
		586D5C2F284298BB00C79E0E /* SVGImageParser.swift in Sources */ = {isa = PBXBuildFile; fileRef = 586D5C2E284298BB00C79E0E /* SVGImageParser.swift */; };
		586D5C30284298BB00C79E0E /* SVGImageParser.swift in Sources */ = {isa = PBXBuildFile; fileRef = 586D5C2E284298BB00C79E0E /* SVGImageParser.swift */; };
		586D5C3228429BE600C79E0E /* SVGShapeParser.swift in Sources */ = {isa = PBXBuildFile; fileRef = 586D5C3128429BE600C79E0E /* SVGShapeParser.swift */; };
		586D5C3328429BE600C79E0E /* SVGShapeParser.swift in Sources */ = {isa = PBXBuildFile; fileRef = 586D5C3128429BE600C79E0E /* SVGShapeParser.swift */; };
		586D5C352842BDEC00C79E0E /* SVGSettings.swift in Sources */ = {isa = PBXBuildFile; fileRef = 586D5C342842BDEC00C79E0E /* SVGSettings.swift */; };
		586D5C362842BDEC00C79E0E /* SVGSettings.swift in Sources */ = {isa = PBXBuildFile; fileRef = 586D5C342842BDEC00C79E0E /* SVGSettings.swift */; };
		586D5C39284380D100C79E0E /* SVGAttribute.swift in Sources */ = {isa = PBXBuildFile; fileRef = 586D5C38284380D100C79E0E /* SVGAttribute.swift */; };
		586D5C3A284380D100C79E0E /* SVGAttribute.swift in Sources */ = {isa = PBXBuildFile; fileRef = 586D5C38284380D100C79E0E /* SVGAttribute.swift */; };
		586D5C3F2843858100C79E0E /* SVGFontSizeAttribute.swift in Sources */ = {isa = PBXBuildFile; fileRef = 586D5C3E2843858100C79E0E /* SVGFontSizeAttribute.swift */; };
		586D5C402843858100C79E0E /* SVGFontSizeAttribute.swift in Sources */ = {isa = PBXBuildFile; fileRef = 586D5C3E2843858100C79E0E /* SVGFontSizeAttribute.swift */; };
		586D5C43284385AF00C79E0E /* SVGLengthParser.swift in Sources */ = {isa = PBXBuildFile; fileRef = 586D5C42284385AF00C79E0E /* SVGLengthParser.swift */; };
		586D5C44284385AF00C79E0E /* SVGLengthParser.swift in Sources */ = {isa = PBXBuildFile; fileRef = 586D5C42284385AF00C79E0E /* SVGLengthParser.swift */; };
		586D5C492843A51300C79E0E /* SVGLengthAttribute.swift in Sources */ = {isa = PBXBuildFile; fileRef = 586D5C482843A51300C79E0E /* SVGLengthAttribute.swift */; };
		586D5C4A2843A51300C79E0E /* SVGLengthAttribute.swift in Sources */ = {isa = PBXBuildFile; fileRef = 586D5C482843A51300C79E0E /* SVGLengthAttribute.swift */; };
		58869B6D25B5C52D00F6E324 /* Serializer.swift in Sources */ = {isa = PBXBuildFile; fileRef = 58869B6C25B5C52D00F6E324 /* Serializer.swift */; };
		58869B7525B5EB0B00F6E324 /* Serializable.swift in Sources */ = {isa = PBXBuildFile; fileRef = 58869B7425B5EB0B00F6E324 /* Serializable.swift */; };
		58869B7925B5EB3300F6E324 /* Serializations.swift in Sources */ = {isa = PBXBuildFile; fileRef = 58869B7825B5EB3300F6E324 /* Serializations.swift */; };
		58A664F4283E96E700F1F6FD /* UIExtensions.swift in Sources */ = {isa = PBXBuildFile; fileRef = 58A664F3283E96E700F1F6FD /* UIExtensions.swift */; };
		58A664F5283E96E700F1F6FD /* UIExtensions.swift in Sources */ = {isa = PBXBuildFile; fileRef = 58A664F3283E96E700F1F6FD /* UIExtensions.swift */; };
		58A664F7283E977600F1F6FD /* SVGParserExtensions.swift in Sources */ = {isa = PBXBuildFile; fileRef = 58A664F6283E977600F1F6FD /* SVGParserExtensions.swift */; };
		58A664F8283E977600F1F6FD /* SVGParserExtensions.swift in Sources */ = {isa = PBXBuildFile; fileRef = 58A664F6283E977600F1F6FD /* SVGParserExtensions.swift */; };
		58A664F9283E991C00F1F6FD /* SVGFont.swift in Sources */ = {isa = PBXBuildFile; fileRef = 5BE3324F24E144B200BB0D60 /* SVGFont.swift */; };
		58A664FA283E991E00F1F6FD /* SVGLength.swift in Sources */ = {isa = PBXBuildFile; fileRef = 5B1017EA25358E5600105E9A /* SVGLength.swift */; };
		58A664FB283E992100F1F6FD /* SVGStroke.swift in Sources */ = {isa = PBXBuildFile; fileRef = 5BE3325024E144B200BB0D60 /* SVGStroke.swift */; };
		58A664FC283E992400F1F6FD /* SVGPaint.swift in Sources */ = {isa = PBXBuildFile; fileRef = 5815293F25B6C8F600E8D23A /* SVGPaint.swift */; };
		58A664FD283E992700F1F6FD /* SVGColor.swift in Sources */ = {isa = PBXBuildFile; fileRef = 5815294325B6C90F00E8D23A /* SVGColor.swift */; };
		58A664FE283E992A00F1F6FD /* SVGPreserveAspectRatio.swift in Sources */ = {isa = PBXBuildFile; fileRef = 5815298925B752E600E8D23A /* SVGPreserveAspectRatio.swift */; };
		58A664FF283E996700F1F6FD /* SVGGradient.swift in Sources */ = {isa = PBXBuildFile; fileRef = 585A5C6025E2CCB6000E8B88 /* SVGGradient.swift */; };
		58A66500283E999B00F1F6FD /* SVGGroup.swift in Sources */ = {isa = PBXBuildFile; fileRef = 5B23AA6A24EA5D5F0085D48E /* SVGGroup.swift */; };
		58A66501283E999D00F1F6FD /* SVGImage.swift in Sources */ = {isa = PBXBuildFile; fileRef = 5BDFA15F2668C7D400AE44BB /* SVGImage.swift */; };
		58A66502283E999F00F1F6FD /* SVGNode.swift in Sources */ = {isa = PBXBuildFile; fileRef = 5BE3323A24E144B200BB0D60 /* SVGNode.swift */; };
		58A66503283E99A100F1F6FD /* SVGShape.swift in Sources */ = {isa = PBXBuildFile; fileRef = 5BE3323B24E144B200BB0D60 /* SVGShape.swift */; };
		58A66504283E99A400F1F6FD /* SVGText.swift in Sources */ = {isa = PBXBuildFile; fileRef = 5BE3323924E144B200BB0D60 /* SVGText.swift */; };
		58A66505283E99A600F1F6FD /* SVGUserSpaceNode.swift in Sources */ = {isa = PBXBuildFile; fileRef = 5B1018192536C64700105E9A /* SVGUserSpaceNode.swift */; };
		58A66506283E99A800F1F6FD /* SVGViewport.swift in Sources */ = {isa = PBXBuildFile; fileRef = 5B1017E625358E4400105E9A /* SVGViewport.swift */; };
		58A66507283E99AC00F1F6FD /* SVGPolygon.swift in Sources */ = {isa = PBXBuildFile; fileRef = 5BE3323D24E144B200BB0D60 /* SVGPolygon.swift */; };
		58A66508283E99B000F1F6FD /* SVGLine.swift in Sources */ = {isa = PBXBuildFile; fileRef = 5BE3323E24E144B200BB0D60 /* SVGLine.swift */; };
		58A66509283E99B200F1F6FD /* SVGPath.swift in Sources */ = {isa = PBXBuildFile; fileRef = 5BE3323F24E144B200BB0D60 /* SVGPath.swift */; };
		58A6650A283E99B400F1F6FD /* SVGPolyline.swift in Sources */ = {isa = PBXBuildFile; fileRef = 5BE3324124E144B200BB0D60 /* SVGPolyline.swift */; };
		58A6650B283E99B700F1F6FD /* SVGRect.swift in Sources */ = {isa = PBXBuildFile; fileRef = 5BE3324224E144B200BB0D60 /* SVGRect.swift */; };
		58A6650C283E99B900F1F6FD /* SVGEllipse.swift in Sources */ = {isa = PBXBuildFile; fileRef = 5BE3324324E144B200BB0D60 /* SVGEllipse.swift */; };
		58A6650D283E99BC00F1F6FD /* SVGCircle.swift in Sources */ = {isa = PBXBuildFile; fileRef = 5BE3324424E144B200BB0D60 /* SVGCircle.swift */; };
		58A6650E283E99C100F1F6FD /* SVGDataImage.swift in Sources */ = {isa = PBXBuildFile; fileRef = 5BD9758826721DF400432F2C /* SVGDataImage.swift */; };
		58A6650F283E99C300F1F6FD /* SVGUrlImage.swift in Sources */ = {isa = PBXBuildFile; fileRef = 5B5AEAFE26FB30A80018A1C6 /* SVGUrlImage.swift */; };
		58A66510283E99CE00F1F6FD /* DOMParser.swift in Sources */ = {isa = PBXBuildFile; fileRef = 5B0BD93F24EE669C00F23286 /* DOMParser.swift */; };
		58A66511283E99D000F1F6FD /* XMLNode.swift in Sources */ = {isa = PBXBuildFile; fileRef = 5BE3324C24E144B200BB0D60 /* XMLNode.swift */; };
		58A66512283E99D300F1F6FD /* CSSParser.swift in Sources */ = {isa = PBXBuildFile; fileRef = 5B9750482759E63C00EBDCA6 /* CSSParser.swift */; };
		58A66514283E99D700F1F6FD /* SVGConstants.swift in Sources */ = {isa = PBXBuildFile; fileRef = 5BE3325524E144B200BB0D60 /* SVGConstants.swift */; };
		58A66515283E99DA00F1F6FD /* SVGIndex.swift in Sources */ = {isa = PBXBuildFile; fileRef = 5BD9758E267223F400432F2C /* SVGIndex.swift */; };
		58A66516283E99DC00F1F6FD /* SVGParser.swift in Sources */ = {isa = PBXBuildFile; fileRef = 5BE3325D24E144B200BB0D60 /* SVGParser.swift */; };
		58A66517283E99E000F1F6FD /* SVGParserBasics.swift in Sources */ = {isa = PBXBuildFile; fileRef = 5BE3325924E144B200BB0D60 /* SVGParserBasics.swift */; };
		58A66518283E99E200F1F6FD /* SVGPathReader.swift in Sources */ = {isa = PBXBuildFile; fileRef = 5BE3325324E144B200BB0D60 /* SVGPathReader.swift */; };
		58A6651C283E99EB00F1F6FD /* SVGParserPrimitives.swift in Sources */ = {isa = PBXBuildFile; fileRef = 5BE3325A24E144B200BB0D60 /* SVGParserPrimitives.swift */; };
		58A6651E283E99F100F1F6FD /* SVGView.swift in Sources */ = {isa = PBXBuildFile; fileRef = 5B0BD94124EE66A400F23286 /* SVGView.swift */; };
		58A6651F283E99F600F1F6FD /* Serializer.swift in Sources */ = {isa = PBXBuildFile; fileRef = 58869B6C25B5C52D00F6E324 /* Serializer.swift */; };
		58A66520283E99F900F1F6FD /* Serializable.swift in Sources */ = {isa = PBXBuildFile; fileRef = 58869B7425B5EB0B00F6E324 /* Serializable.swift */; };
		58A66521283E99FB00F1F6FD /* Serializations.swift in Sources */ = {isa = PBXBuildFile; fileRef = 58869B7825B5EB3300F6E324 /* Serializations.swift */; };
		58A66522283E9A0100F1F6FD /* MBezierPath+Extension_macOS.swift in Sources */ = {isa = PBXBuildFile; fileRef = 5B1F462F251348F70068EF42 /* MBezierPath+Extension_macOS.swift */; };
		5B0BD94024EE669C00F23286 /* DOMParser.swift in Sources */ = {isa = PBXBuildFile; fileRef = 5B0BD93F24EE669C00F23286 /* DOMParser.swift */; };
		5B0BD94224EE66A400F23286 /* SVGView.swift in Sources */ = {isa = PBXBuildFile; fileRef = 5B0BD94124EE66A400F23286 /* SVGView.swift */; };
		5B1017E725358E4400105E9A /* SVGViewport.swift in Sources */ = {isa = PBXBuildFile; fileRef = 5B1017E625358E4400105E9A /* SVGViewport.swift */; };
		5B1017EC25358E5600105E9A /* SVGLength.swift in Sources */ = {isa = PBXBuildFile; fileRef = 5B1017EA25358E5600105E9A /* SVGLength.swift */; };
		5B10181A2536C64700105E9A /* SVGUserSpaceNode.swift in Sources */ = {isa = PBXBuildFile; fileRef = 5B1018192536C64700105E9A /* SVGUserSpaceNode.swift */; };
		5B1F4630251348F70068EF42 /* MBezierPath+Extension_macOS.swift in Sources */ = {isa = PBXBuildFile; fileRef = 5B1F462F251348F70068EF42 /* MBezierPath+Extension_macOS.swift */; };
		5B23AA6B24EA5D5F0085D48E /* SVGGroup.swift in Sources */ = {isa = PBXBuildFile; fileRef = 5B23AA6A24EA5D5F0085D48E /* SVGGroup.swift */; };
		5B5AEAFF26FB30A80018A1C6 /* SVGUrlImage.swift in Sources */ = {isa = PBXBuildFile; fileRef = 5B5AEAFE26FB30A80018A1C6 /* SVGUrlImage.swift */; };
		5B9750492759E63C00EBDCA6 /* CSSParser.swift in Sources */ = {isa = PBXBuildFile; fileRef = 5B9750482759E63C00EBDCA6 /* CSSParser.swift */; };
		5BD9758926721DF400432F2C /* SVGDataImage.swift in Sources */ = {isa = PBXBuildFile; fileRef = 5BD9758826721DF400432F2C /* SVGDataImage.swift */; };
		5BD9758F267223F400432F2C /* SVGIndex.swift in Sources */ = {isa = PBXBuildFile; fileRef = 5BD9758E267223F400432F2C /* SVGIndex.swift */; };
		5BDFA1602668C7D400AE44BB /* SVGImage.swift in Sources */ = {isa = PBXBuildFile; fileRef = 5BDFA15F2668C7D400AE44BB /* SVGImage.swift */; };
		5BE3322724E1446A00BB0D60 /* SVGView.framework in Frameworks */ = {isa = PBXBuildFile; fileRef = 5BE3321D24E1446A00BB0D60 /* SVGView.framework */; };
		5BE3325F24E144B200BB0D60 /* SVGText.swift in Sources */ = {isa = PBXBuildFile; fileRef = 5BE3323924E144B200BB0D60 /* SVGText.swift */; };
		5BE3326024E144B200BB0D60 /* SVGNode.swift in Sources */ = {isa = PBXBuildFile; fileRef = 5BE3323A24E144B200BB0D60 /* SVGNode.swift */; };
		5BE3326124E144B200BB0D60 /* SVGShape.swift in Sources */ = {isa = PBXBuildFile; fileRef = 5BE3323B24E144B200BB0D60 /* SVGShape.swift */; };
		5BE3326224E144B200BB0D60 /* SVGPolygon.swift in Sources */ = {isa = PBXBuildFile; fileRef = 5BE3323D24E144B200BB0D60 /* SVGPolygon.swift */; };
		5BE3326324E144B200BB0D60 /* SVGLine.swift in Sources */ = {isa = PBXBuildFile; fileRef = 5BE3323E24E144B200BB0D60 /* SVGLine.swift */; };
		5BE3326424E144B200BB0D60 /* SVGPath.swift in Sources */ = {isa = PBXBuildFile; fileRef = 5BE3323F24E144B200BB0D60 /* SVGPath.swift */; };
		5BE3326624E144B200BB0D60 /* SVGPolyline.swift in Sources */ = {isa = PBXBuildFile; fileRef = 5BE3324124E144B200BB0D60 /* SVGPolyline.swift */; };
		5BE3326724E144B200BB0D60 /* SVGRect.swift in Sources */ = {isa = PBXBuildFile; fileRef = 5BE3324224E144B200BB0D60 /* SVGRect.swift */; };
		5BE3326824E144B200BB0D60 /* SVGEllipse.swift in Sources */ = {isa = PBXBuildFile; fileRef = 5BE3324324E144B200BB0D60 /* SVGEllipse.swift */; };
		5BE3326924E144B200BB0D60 /* SVGCircle.swift in Sources */ = {isa = PBXBuildFile; fileRef = 5BE3324424E144B200BB0D60 /* SVGCircle.swift */; };
		5BE3326B24E144B200BB0D60 /* Preview Assets.xcassets in Resources */ = {isa = PBXBuildFile; fileRef = 5BE3324724E144B200BB0D60 /* Preview Assets.xcassets */; };
		5BE3326F24E144B200BB0D60 /* XMLNode.swift in Sources */ = {isa = PBXBuildFile; fileRef = 5BE3324C24E144B200BB0D60 /* XMLNode.swift */; };
		5BE3327124E144B200BB0D60 /* SVGFont.swift in Sources */ = {isa = PBXBuildFile; fileRef = 5BE3324F24E144B200BB0D60 /* SVGFont.swift */; };
		5BE3327224E144B200BB0D60 /* SVGStroke.swift in Sources */ = {isa = PBXBuildFile; fileRef = 5BE3325024E144B200BB0D60 /* SVGStroke.swift */; };
		5BE3327424E144B200BB0D60 /* SVGPathReader.swift in Sources */ = {isa = PBXBuildFile; fileRef = 5BE3325324E144B200BB0D60 /* SVGPathReader.swift */; };
		5BE3327624E144B200BB0D60 /* SVGConstants.swift in Sources */ = {isa = PBXBuildFile; fileRef = 5BE3325524E144B200BB0D60 /* SVGConstants.swift */; };
		5BE3327924E144B200BB0D60 /* SVGParserBasics.swift in Sources */ = {isa = PBXBuildFile; fileRef = 5BE3325924E144B200BB0D60 /* SVGParserBasics.swift */; };
		5BE3327A24E144B200BB0D60 /* SVGParserPrimitives.swift in Sources */ = {isa = PBXBuildFile; fileRef = 5BE3325A24E144B200BB0D60 /* SVGParserPrimitives.swift */; };
		5BE3327D24E144B200BB0D60 /* SVGParser.swift in Sources */ = {isa = PBXBuildFile; fileRef = 5BE3325D24E144B200BB0D60 /* SVGParser.swift */; };
		5BE3327E24E144B200BB0D60 /* SVGView.h in Headers */ = {isa = PBXBuildFile; fileRef = 5BE3325E24E144B200BB0D60 /* SVGView.h */; settings = {ATTRIBUTES = (Public, ); }; };
/* End PBXBuildFile section */

/* Begin PBXContainerItemProxy section */
		5BE3322824E1446A00BB0D60 /* PBXContainerItemProxy */ = {
			isa = PBXContainerItemProxy;
			containerPortal = 5BE3321424E1446A00BB0D60 /* Project object */;
			proxyType = 1;
			remoteGlobalIDString = 5BE3321C24E1446A00BB0D60;
			remoteInfo = SVGView;
		};
/* End PBXContainerItemProxy section */

/* Begin PBXFileReference section */
		5815293F25B6C8F600E8D23A /* SVGPaint.swift */ = {isa = PBXFileReference; lastKnownFileType = sourcecode.swift; path = SVGPaint.swift; sourceTree = "<group>"; };
		5815294325B6C90F00E8D23A /* SVGColor.swift */ = {isa = PBXFileReference; lastKnownFileType = sourcecode.swift; path = SVGColor.swift; sourceTree = "<group>"; };
		5815298925B752E600E8D23A /* SVGPreserveAspectRatio.swift */ = {isa = PBXFileReference; lastKnownFileType = sourcecode.swift; path = SVGPreserveAspectRatio.swift; sourceTree = "<group>"; };
		582D0C252840189A00F945D8 /* SVGLinker.swift */ = {isa = PBXFileReference; lastKnownFileType = sourcecode.swift; path = SVGLinker.swift; sourceTree = "<group>"; };
		582D0C2928401A5600F945D8 /* SVGScreen.swift */ = {isa = PBXFileReference; lastKnownFileType = sourcecode.swift; path = SVGScreen.swift; sourceTree = "<group>"; };
		584FB656283E9CD000DC8015 /* SVGContext.swift */ = {isa = PBXFileReference; lastKnownFileType = sourcecode.swift; path = SVGContext.swift; sourceTree = "<group>"; };
		584FB659283E9D3F00DC8015 /* SVGLogger.swift */ = {isa = PBXFileReference; lastKnownFileType = sourcecode.swift; path = SVGLogger.swift; sourceTree = "<group>"; };
		5852D66225BD726A00AD201D /* w3c */ = {isa = PBXFileReference; lastKnownFileType = folder; path = w3c; sourceTree = "<group>"; };
		5852D67625BD74EF00AD201D /* SVG12Tests.swift */ = {isa = PBXFileReference; fileEncoding = 4; lastKnownFileType = sourcecode.swift; path = SVG12Tests.swift; sourceTree = "<group>"; };
		585A5C2625CFF2B9000E8B88 /* SVGRefGenerator.swift */ = {isa = PBXFileReference; lastKnownFileType = sourcecode.swift; path = SVGRefGenerator.swift; sourceTree = "<group>"; };
		585A5C2E25D007B6000E8B88 /* SVG11Tests.swift */ = {isa = PBXFileReference; fileEncoding = 4; lastKnownFileType = sourcecode.swift; path = SVG11Tests.swift; sourceTree = "<group>"; };
		585A5C3425D007EA000E8B88 /* BaseTestCase.swift */ = {isa = PBXFileReference; lastKnownFileType = sourcecode.swift; path = BaseTestCase.swift; sourceTree = "<group>"; };
		585A5C6025E2CCB6000E8B88 /* SVGGradient.swift */ = {isa = PBXFileReference; lastKnownFileType = sourcecode.swift; path = SVGGradient.swift; sourceTree = "<group>"; };
		586D5C2128428D1C00C79E0E /* SVGElementParser.swift */ = {isa = PBXFileReference; lastKnownFileType = sourcecode.swift; path = SVGElementParser.swift; sourceTree = "<group>"; };
		586D5C2828428DB600C79E0E /* SVGStructureParsers.swift */ = {isa = PBXFileReference; lastKnownFileType = sourcecode.swift; path = SVGStructureParsers.swift; sourceTree = "<group>"; };
		586D5C2B284295C400C79E0E /* SVGTextParser.swift */ = {isa = PBXFileReference; lastKnownFileType = sourcecode.swift; path = SVGTextParser.swift; sourceTree = "<group>"; };
		586D5C2E284298BB00C79E0E /* SVGImageParser.swift */ = {isa = PBXFileReference; lastKnownFileType = sourcecode.swift; path = SVGImageParser.swift; sourceTree = "<group>"; };
		586D5C3128429BE600C79E0E /* SVGShapeParser.swift */ = {isa = PBXFileReference; lastKnownFileType = sourcecode.swift; path = SVGShapeParser.swift; sourceTree = "<group>"; };
		586D5C342842BDEC00C79E0E /* SVGSettings.swift */ = {isa = PBXFileReference; lastKnownFileType = sourcecode.swift; path = SVGSettings.swift; sourceTree = "<group>"; };
		586D5C38284380D100C79E0E /* SVGAttribute.swift */ = {isa = PBXFileReference; lastKnownFileType = sourcecode.swift; path = SVGAttribute.swift; sourceTree = "<group>"; };
		586D5C3E2843858100C79E0E /* SVGFontSizeAttribute.swift */ = {isa = PBXFileReference; lastKnownFileType = sourcecode.swift; path = SVGFontSizeAttribute.swift; sourceTree = "<group>"; };
		586D5C42284385AF00C79E0E /* SVGLengthParser.swift */ = {isa = PBXFileReference; lastKnownFileType = sourcecode.swift; path = SVGLengthParser.swift; sourceTree = "<group>"; };
		586D5C482843A51300C79E0E /* SVGLengthAttribute.swift */ = {isa = PBXFileReference; lastKnownFileType = sourcecode.swift; path = SVGLengthAttribute.swift; sourceTree = "<group>"; };
		58869B6C25B5C52D00F6E324 /* Serializer.swift */ = {isa = PBXFileReference; lastKnownFileType = sourcecode.swift; path = Serializer.swift; sourceTree = "<group>"; };
		58869B7425B5EB0B00F6E324 /* Serializable.swift */ = {isa = PBXFileReference; lastKnownFileType = sourcecode.swift; path = Serializable.swift; sourceTree = "<group>"; };
		58869B7825B5EB3300F6E324 /* Serializations.swift */ = {isa = PBXFileReference; lastKnownFileType = sourcecode.swift; path = Serializations.swift; sourceTree = "<group>"; };
		58A664F3283E96E700F1F6FD /* UIExtensions.swift */ = {isa = PBXFileReference; lastKnownFileType = sourcecode.swift; path = UIExtensions.swift; sourceTree = "<group>"; };
		58A664F6283E977600F1F6FD /* SVGParserExtensions.swift */ = {isa = PBXFileReference; lastKnownFileType = sourcecode.swift; path = SVGParserExtensions.swift; sourceTree = "<group>"; };
		5B0BD93F24EE669C00F23286 /* DOMParser.swift */ = {isa = PBXFileReference; fileEncoding = 4; lastKnownFileType = sourcecode.swift; path = DOMParser.swift; sourceTree = "<group>"; };
		5B0BD94124EE66A400F23286 /* SVGView.swift */ = {isa = PBXFileReference; fileEncoding = 4; lastKnownFileType = sourcecode.swift; path = SVGView.swift; sourceTree = "<group>"; };
		5B1017E625358E4400105E9A /* SVGViewport.swift */ = {isa = PBXFileReference; fileEncoding = 4; lastKnownFileType = sourcecode.swift; path = SVGViewport.swift; sourceTree = "<group>"; };
		5B1017EA25358E5600105E9A /* SVGLength.swift */ = {isa = PBXFileReference; fileEncoding = 4; lastKnownFileType = sourcecode.swift; path = SVGLength.swift; sourceTree = "<group>"; };
		5B1018192536C64700105E9A /* SVGUserSpaceNode.swift */ = {isa = PBXFileReference; fileEncoding = 4; lastKnownFileType = sourcecode.swift; path = SVGUserSpaceNode.swift; sourceTree = "<group>"; };
		5B1F462F251348F70068EF42 /* MBezierPath+Extension_macOS.swift */ = {isa = PBXFileReference; fileEncoding = 4; lastKnownFileType = sourcecode.swift; path = "MBezierPath+Extension_macOS.swift"; sourceTree = "<group>"; };
		5B23AA6A24EA5D5F0085D48E /* SVGGroup.swift */ = {isa = PBXFileReference; lastKnownFileType = sourcecode.swift; path = SVGGroup.swift; sourceTree = "<group>"; };
		5B5AEAFE26FB30A80018A1C6 /* SVGUrlImage.swift */ = {isa = PBXFileReference; lastKnownFileType = sourcecode.swift; path = SVGUrlImage.swift; sourceTree = "<group>"; };
		5B9750482759E63C00EBDCA6 /* CSSParser.swift */ = {isa = PBXFileReference; lastKnownFileType = sourcecode.swift; path = CSSParser.swift; sourceTree = "<group>"; };
		5BD9758826721DF400432F2C /* SVGDataImage.swift */ = {isa = PBXFileReference; lastKnownFileType = sourcecode.swift; path = SVGDataImage.swift; sourceTree = "<group>"; };
		5BD9758E267223F400432F2C /* SVGIndex.swift */ = {isa = PBXFileReference; fileEncoding = 4; lastKnownFileType = sourcecode.swift; path = SVGIndex.swift; sourceTree = "<group>"; };
		5BDFA15F2668C7D400AE44BB /* SVGImage.swift */ = {isa = PBXFileReference; lastKnownFileType = sourcecode.swift; path = SVGImage.swift; sourceTree = "<group>"; };
		5BE3321D24E1446A00BB0D60 /* SVGView.framework */ = {isa = PBXFileReference; explicitFileType = wrapper.framework; includeInIndex = 0; path = SVGView.framework; sourceTree = BUILT_PRODUCTS_DIR; };
		5BE3322624E1446A00BB0D60 /* SVGViewTests.xctest */ = {isa = PBXFileReference; explicitFileType = wrapper.cfbundle; includeInIndex = 0; path = SVGViewTests.xctest; sourceTree = BUILT_PRODUCTS_DIR; };
		5BE3322D24E1446A00BB0D60 /* Info.plist */ = {isa = PBXFileReference; lastKnownFileType = text.plist.xml; path = Info.plist; sourceTree = "<group>"; };
		5BE3323924E144B200BB0D60 /* SVGText.swift */ = {isa = PBXFileReference; fileEncoding = 4; lastKnownFileType = sourcecode.swift; path = SVGText.swift; sourceTree = "<group>"; };
		5BE3323A24E144B200BB0D60 /* SVGNode.swift */ = {isa = PBXFileReference; fileEncoding = 4; lastKnownFileType = sourcecode.swift; path = SVGNode.swift; sourceTree = "<group>"; };
		5BE3323B24E144B200BB0D60 /* SVGShape.swift */ = {isa = PBXFileReference; fileEncoding = 4; lastKnownFileType = sourcecode.swift; path = SVGShape.swift; sourceTree = "<group>"; };
		5BE3323D24E144B200BB0D60 /* SVGPolygon.swift */ = {isa = PBXFileReference; fileEncoding = 4; lastKnownFileType = sourcecode.swift; path = SVGPolygon.swift; sourceTree = "<group>"; };
		5BE3323E24E144B200BB0D60 /* SVGLine.swift */ = {isa = PBXFileReference; fileEncoding = 4; lastKnownFileType = sourcecode.swift; path = SVGLine.swift; sourceTree = "<group>"; };
		5BE3323F24E144B200BB0D60 /* SVGPath.swift */ = {isa = PBXFileReference; fileEncoding = 4; lastKnownFileType = sourcecode.swift; path = SVGPath.swift; sourceTree = "<group>"; };
		5BE3324124E144B200BB0D60 /* SVGPolyline.swift */ = {isa = PBXFileReference; fileEncoding = 4; lastKnownFileType = sourcecode.swift; path = SVGPolyline.swift; sourceTree = "<group>"; };
		5BE3324224E144B200BB0D60 /* SVGRect.swift */ = {isa = PBXFileReference; fileEncoding = 4; lastKnownFileType = sourcecode.swift; path = SVGRect.swift; sourceTree = "<group>"; };
		5BE3324324E144B200BB0D60 /* SVGEllipse.swift */ = {isa = PBXFileReference; fileEncoding = 4; lastKnownFileType = sourcecode.swift; path = SVGEllipse.swift; sourceTree = "<group>"; };
		5BE3324424E144B200BB0D60 /* SVGCircle.swift */ = {isa = PBXFileReference; fileEncoding = 4; lastKnownFileType = sourcecode.swift; path = SVGCircle.swift; sourceTree = "<group>"; };
		5BE3324724E144B200BB0D60 /* Preview Assets.xcassets */ = {isa = PBXFileReference; lastKnownFileType = folder.assetcatalog; path = "Preview Assets.xcassets"; sourceTree = "<group>"; };
		5BE3324C24E144B200BB0D60 /* XMLNode.swift */ = {isa = PBXFileReference; fileEncoding = 4; lastKnownFileType = sourcecode.swift; path = XMLNode.swift; sourceTree = "<group>"; };
		5BE3324F24E144B200BB0D60 /* SVGFont.swift */ = {isa = PBXFileReference; fileEncoding = 4; lastKnownFileType = sourcecode.swift; path = SVGFont.swift; sourceTree = "<group>"; };
		5BE3325024E144B200BB0D60 /* SVGStroke.swift */ = {isa = PBXFileReference; fileEncoding = 4; lastKnownFileType = sourcecode.swift; path = SVGStroke.swift; sourceTree = "<group>"; };
		5BE3325324E144B200BB0D60 /* SVGPathReader.swift */ = {isa = PBXFileReference; fileEncoding = 4; lastKnownFileType = sourcecode.swift; path = SVGPathReader.swift; sourceTree = "<group>"; };
		5BE3325524E144B200BB0D60 /* SVGConstants.swift */ = {isa = PBXFileReference; fileEncoding = 4; lastKnownFileType = sourcecode.swift; path = SVGConstants.swift; sourceTree = "<group>"; };
		5BE3325624E144B200BB0D60 /* Info.plist */ = {isa = PBXFileReference; fileEncoding = 4; lastKnownFileType = text.plist.xml; path = Info.plist; sourceTree = "<group>"; };
		5BE3325924E144B200BB0D60 /* SVGParserBasics.swift */ = {isa = PBXFileReference; fileEncoding = 4; lastKnownFileType = sourcecode.swift; path = SVGParserBasics.swift; sourceTree = "<group>"; };
		5BE3325A24E144B200BB0D60 /* SVGParserPrimitives.swift */ = {isa = PBXFileReference; fileEncoding = 4; lastKnownFileType = sourcecode.swift; path = SVGParserPrimitives.swift; sourceTree = "<group>"; };
		5BE3325D24E144B200BB0D60 /* SVGParser.swift */ = {isa = PBXFileReference; fileEncoding = 4; lastKnownFileType = sourcecode.swift; path = SVGParser.swift; sourceTree = "<group>"; };
		5BE3325E24E144B200BB0D60 /* SVGView.h */ = {isa = PBXFileReference; fileEncoding = 4; lastKnownFileType = sourcecode.c.h; path = SVGView.h; sourceTree = "<group>"; };
/* End PBXFileReference section */

/* Begin PBXFrameworksBuildPhase section */
		5BE3321A24E1446A00BB0D60 /* Frameworks */ = {
			isa = PBXFrameworksBuildPhase;
			buildActionMask = 2147483647;
			files = (
			);
			runOnlyForDeploymentPostprocessing = 0;
		};
		5BE3322324E1446A00BB0D60 /* Frameworks */ = {
			isa = PBXFrameworksBuildPhase;
			buildActionMask = 2147483647;
			files = (
				5BE3322724E1446A00BB0D60 /* SVGView.framework in Frameworks */,
			);
			runOnlyForDeploymentPostprocessing = 0;
		};
/* End PBXFrameworksBuildPhase section */

/* Begin PBXGroup section */
		582D0C2828401A1C00F945D8 /* Settings */ = {
			isa = PBXGroup;
			children = (
				582D0C252840189A00F945D8 /* SVGLinker.swift */,
				584FB659283E9D3F00DC8015 /* SVGLogger.swift */,
				582D0C2928401A5600F945D8 /* SVGScreen.swift */,
				586D5C342842BDEC00C79E0E /* SVGSettings.swift */,
			);
			path = Settings;
			sourceTree = "<group>";
		};
		586D5C2728428D4400C79E0E /* Elements */ = {
			isa = PBXGroup;
			children = (
				586D5C2128428D1C00C79E0E /* SVGElementParser.swift */,
				586D5C2828428DB600C79E0E /* SVGStructureParsers.swift */,
				586D5C2B284295C400C79E0E /* SVGTextParser.swift */,
				586D5C2E284298BB00C79E0E /* SVGImageParser.swift */,
				586D5C3128429BE600C79E0E /* SVGShapeParser.swift */,
			);
			path = Elements;
			sourceTree = "<group>";
		};
		586D5C37284380B300C79E0E /* Attributes */ = {
			isa = PBXGroup;
			children = (
				586D5C38284380D100C79E0E /* SVGAttribute.swift */,
				586D5C3E2843858100C79E0E /* SVGFontSizeAttribute.swift */,
				586D5C482843A51300C79E0E /* SVGLengthAttribute.swift */,
			);
			path = Attributes;
			sourceTree = "<group>";
		};
		586D5C412843858900C79E0E /* Primitives */ = {
			isa = PBXGroup;
			children = (
				586D5C42284385AF00C79E0E /* SVGLengthParser.swift */,
			);
			path = Primitives;
			sourceTree = "<group>";
		};
		58869B6B25B5C50B00F6E324 /* Serialization */ = {
			isa = PBXGroup;
			children = (
				58869B6C25B5C52D00F6E324 /* Serializer.swift */,
				58869B7425B5EB0B00F6E324 /* Serializable.swift */,
				58869B7825B5EB3300F6E324 /* Serializations.swift */,
			);
			path = Serialization;
			sourceTree = "<group>";
		};
		58A664F0283E904100F1F6FD /* Model */ = {
			isa = PBXGroup;
			children = (
				5BE3324E24E144B200BB0D60 /* Primitives */,
				5BE3323824E144B200BB0D60 /* Nodes */,
				5BE3323C24E144B200BB0D60 /* Shapes */,
				5BD9758726721DE100432F2C /* Images */,
			);
			path = Model;
			sourceTree = "<group>";
		};
		58A664F1283E91BA00F1F6FD /* Parser */ = {
			isa = PBXGroup;
			children = (
				5BE3324824E144B200BB0D60 /* XML */,
				5B9750472759E62E00EBDCA6 /* CSS */,
				5BE3325824E144B200BB0D60 /* SVG */,
			);
			path = Parser;
			sourceTree = "<group>";
		};
		58A664F2283E961800F1F6FD /* UI */ = {
			isa = PBXGroup;
			children = (
				5B1F462F251348F70068EF42 /* MBezierPath+Extension_macOS.swift */,
				58A664F3283E96E700F1F6FD /* UIExtensions.swift */,
			);
			path = UI;
			sourceTree = "<group>";
		};
		5B9750472759E62E00EBDCA6 /* CSS */ = {
			isa = PBXGroup;
			children = (
				5B9750482759E63C00EBDCA6 /* CSSParser.swift */,
			);
			path = CSS;
			sourceTree = "<group>";
		};
		5BD9758726721DE100432F2C /* Images */ = {
			isa = PBXGroup;
			children = (
				5BD9758826721DF400432F2C /* SVGDataImage.swift */,
				5B5AEAFE26FB30A80018A1C6 /* SVGUrlImage.swift */,
			);
			path = Images;
			sourceTree = "<group>";
		};
		5BE3321324E1446A00BB0D60 = {
			isa = PBXGroup;
			children = (
				5BE3323724E144B200BB0D60 /* Source */,
				5BE3322A24E1446A00BB0D60 /* SVGViewTests */,
				5BE3321E24E1446A00BB0D60 /* Products */,
			);
			sourceTree = "<group>";
		};
		5BE3321E24E1446A00BB0D60 /* Products */ = {
			isa = PBXGroup;
			children = (
				5BE3321D24E1446A00BB0D60 /* SVGView.framework */,
				5BE3322624E1446A00BB0D60 /* SVGViewTests.xctest */,
			);
			name = Products;
			sourceTree = "<group>";
		};
		5BE3322A24E1446A00BB0D60 /* SVGViewTests */ = {
			isa = PBXGroup;
			children = (
				5852D66225BD726A00AD201D /* w3c */,
				585A5C3425D007EA000E8B88 /* BaseTestCase.swift */,
				585A5C2E25D007B6000E8B88 /* SVG11Tests.swift */,
				5852D67625BD74EF00AD201D /* SVG12Tests.swift */,
				585A5C2625CFF2B9000E8B88 /* SVGRefGenerator.swift */,
				5BE3322D24E1446A00BB0D60 /* Info.plist */,
			);
			path = SVGViewTests;
			sourceTree = "<group>";
		};
		5BE3323724E144B200BB0D60 /* Source */ = {
			isa = PBXGroup;
			children = (
				58A664F0283E904100F1F6FD /* Model */,
				58A664F1283E91BA00F1F6FD /* Parser */,
				58869B6B25B5C50B00F6E324 /* Serialization */,
				58A664F2283E961800F1F6FD /* UI */,
				5BE3324624E144B200BB0D60 /* Preview Content */,
				5BE3325E24E144B200BB0D60 /* SVGView.h */,
				5BE3325624E144B200BB0D60 /* Info.plist */,
			);
			path = Source;
			sourceTree = "<group>";
		};
		5BE3323824E144B200BB0D60 /* Nodes */ = {
			isa = PBXGroup;
			children = (
				5B23AA6A24EA5D5F0085D48E /* SVGGroup.swift */,
				5BDFA15F2668C7D400AE44BB /* SVGImage.swift */,
				5BE3323A24E144B200BB0D60 /* SVGNode.swift */,
				5BE3323B24E144B200BB0D60 /* SVGShape.swift */,
				5BE3323924E144B200BB0D60 /* SVGText.swift */,
				5B1018192536C64700105E9A /* SVGUserSpaceNode.swift */,
				5B1017E625358E4400105E9A /* SVGViewport.swift */,
			);
			path = Nodes;
			sourceTree = "<group>";
		};
		5BE3323C24E144B200BB0D60 /* Shapes */ = {
			isa = PBXGroup;
			children = (
				5BE3323D24E144B200BB0D60 /* SVGPolygon.swift */,
				5BE3323E24E144B200BB0D60 /* SVGLine.swift */,
				5BE3323F24E144B200BB0D60 /* SVGPath.swift */,
				5BE3324124E144B200BB0D60 /* SVGPolyline.swift */,
				5BE3324224E144B200BB0D60 /* SVGRect.swift */,
				5BE3324324E144B200BB0D60 /* SVGEllipse.swift */,
				5BE3324424E144B200BB0D60 /* SVGCircle.swift */,
			);
			path = Shapes;
			sourceTree = "<group>";
		};
		5BE3324624E144B200BB0D60 /* Preview Content */ = {
			isa = PBXGroup;
			children = (
				5BE3324724E144B200BB0D60 /* Preview Assets.xcassets */,
			);
			path = "Preview Content";
			sourceTree = "<group>";
		};
		5BE3324824E144B200BB0D60 /* XML */ = {
			isa = PBXGroup;
			children = (
				5B0BD93F24EE669C00F23286 /* DOMParser.swift */,
				5BE3324C24E144B200BB0D60 /* XMLNode.swift */,
			);
			path = XML;
			sourceTree = "<group>";
		};
		5BE3324E24E144B200BB0D60 /* Primitives */ = {
			isa = PBXGroup;
			children = (
				5BE3324F24E144B200BB0D60 /* SVGFont.swift */,
				5B1017EA25358E5600105E9A /* SVGLength.swift */,
				5BE3325024E144B200BB0D60 /* SVGStroke.swift */,
				5815293F25B6C8F600E8D23A /* SVGPaint.swift */,
				5815294325B6C90F00E8D23A /* SVGColor.swift */,
				5815298925B752E600E8D23A /* SVGPreserveAspectRatio.swift */,
				585A5C6025E2CCB6000E8B88 /* SVGGradient.swift */,
			);
			path = Primitives;
			sourceTree = "<group>";
		};
		5BE3325824E144B200BB0D60 /* SVG */ = {
			isa = PBXGroup;
			children = (
				582D0C2828401A1C00F945D8 /* Settings */,
				586D5C2728428D4400C79E0E /* Elements */,
				586D5C37284380B300C79E0E /* Attributes */,
				586D5C412843858900C79E0E /* Primitives */,
				5BE3325524E144B200BB0D60 /* SVGConstants.swift */,
				5BD9758E267223F400432F2C /* SVGIndex.swift */,
				584FB656283E9CD000DC8015 /* SVGContext.swift */,
				5BE3325D24E144B200BB0D60 /* SVGParser.swift */,
				58A664F6283E977600F1F6FD /* SVGParserExtensions.swift */,
				5BE3325924E144B200BB0D60 /* SVGParserBasics.swift */,
				5BE3325324E144B200BB0D60 /* SVGPathReader.swift */,
				5BE3325A24E144B200BB0D60 /* SVGParserPrimitives.swift */,
				5B0BD94124EE66A400F23286 /* SVGView.swift */,
			);
			path = SVG;
			sourceTree = "<group>";
		};
/* End PBXGroup section */

/* Begin PBXHeadersBuildPhase section */
		5BE3321824E1446A00BB0D60 /* Headers */ = {
			isa = PBXHeadersBuildPhase;
			buildActionMask = 2147483647;
			files = (
				5BE3327E24E144B200BB0D60 /* SVGView.h in Headers */,
			);
			runOnlyForDeploymentPostprocessing = 0;
		};
/* End PBXHeadersBuildPhase section */

/* Begin PBXNativeTarget section */
		5BE3321C24E1446A00BB0D60 /* SVGView */ = {
			isa = PBXNativeTarget;
			buildConfigurationList = 5BE3323124E1446A00BB0D60 /* Build configuration list for PBXNativeTarget "SVGView" */;
			buildPhases = (
				5BE3321824E1446A00BB0D60 /* Headers */,
				5BE3321924E1446A00BB0D60 /* Sources */,
				5BE3321A24E1446A00BB0D60 /* Frameworks */,
				5BE3321B24E1446A00BB0D60 /* Resources */,
			);
			buildRules = (
			);
			dependencies = (
			);
			name = SVGView;
			productName = SVGView;
			productReference = 5BE3321D24E1446A00BB0D60 /* SVGView.framework */;
			productType = "com.apple.product-type.framework";
		};
		5BE3322524E1446A00BB0D60 /* SVGViewTests */ = {
			isa = PBXNativeTarget;
			buildConfigurationList = 5BE3323424E1446A00BB0D60 /* Build configuration list for PBXNativeTarget "SVGViewTests" */;
			buildPhases = (
				5BE3322224E1446A00BB0D60 /* Sources */,
				5BE3322324E1446A00BB0D60 /* Frameworks */,
				5BE3322424E1446A00BB0D60 /* Resources */,
			);
			buildRules = (
			);
			dependencies = (
				5BE3322924E1446A00BB0D60 /* PBXTargetDependency */,
			);
			name = SVGViewTests;
			productName = SVGViewTests;
			productReference = 5BE3322624E1446A00BB0D60 /* SVGViewTests.xctest */;
			productType = "com.apple.product-type.bundle.unit-test";
		};
/* End PBXNativeTarget section */

/* Begin PBXProject section */
		5BE3321424E1446A00BB0D60 /* Project object */ = {
			isa = PBXProject;
			attributes = {
				LastSwiftUpdateCheck = 1200;
				LastUpgradeCheck = 1200;
				TargetAttributes = {
					5BE3321C24E1446A00BB0D60 = {
						CreatedOnToolsVersion = 12.0;
					};
					5BE3322524E1446A00BB0D60 = {
						CreatedOnToolsVersion = 12.0;
					};
				};
			};
			buildConfigurationList = 5BE3321724E1446A00BB0D60 /* Build configuration list for PBXProject "SVGView" */;
			compatibilityVersion = "Xcode 9.3";
			developmentRegion = en;
			hasScannedForEncodings = 0;
			knownRegions = (
				en,
				Base,
			);
			mainGroup = 5BE3321324E1446A00BB0D60;
			productRefGroup = 5BE3321E24E1446A00BB0D60 /* Products */;
			projectDirPath = "";
			projectRoot = "";
			targets = (
				5BE3321C24E1446A00BB0D60 /* SVGView */,
				5BE3322524E1446A00BB0D60 /* SVGViewTests */,
			);
		};
/* End PBXProject section */

/* Begin PBXResourcesBuildPhase section */
		5BE3321B24E1446A00BB0D60 /* Resources */ = {
			isa = PBXResourcesBuildPhase;
			buildActionMask = 2147483647;
			files = (
				5BE3326B24E144B200BB0D60 /* Preview Assets.xcassets in Resources */,
			);
			runOnlyForDeploymentPostprocessing = 0;
		};
		5BE3322424E1446A00BB0D60 /* Resources */ = {
			isa = PBXResourcesBuildPhase;
			buildActionMask = 2147483647;
			files = (
				5852D66325BD726A00AD201D /* w3c in Resources */,
			);
			runOnlyForDeploymentPostprocessing = 0;
		};
/* End PBXResourcesBuildPhase section */

/* Begin PBXSourcesBuildPhase section */
		5BE3321924E1446A00BB0D60 /* Sources */ = {
			isa = PBXSourcesBuildPhase;
			buildActionMask = 2147483647;
			files = (
				5BE3327A24E144B200BB0D60 /* SVGParserPrimitives.swift in Sources */,
				5BE3326924E144B200BB0D60 /* SVGCircle.swift in Sources */,
				5815298A25B752E600E8D23A /* SVGPreserveAspectRatio.swift in Sources */,
				5BE3326624E144B200BB0D60 /* SVGPolyline.swift in Sources */,
				5BE3327D24E144B200BB0D60 /* SVGParser.swift in Sources */,
				5B23AA6B24EA5D5F0085D48E /* SVGGroup.swift in Sources */,
				5BE3327424E144B200BB0D60 /* SVGPathReader.swift in Sources */,
				5BDFA1602668C7D400AE44BB /* SVGImage.swift in Sources */,
				586D5C2228428D1C00C79E0E /* SVGElementParser.swift in Sources */,
				58A664F7283E977600F1F6FD /* SVGParserExtensions.swift in Sources */,
				5BD9758F267223F400432F2C /* SVGIndex.swift in Sources */,
				5B5AEAFF26FB30A80018A1C6 /* SVGUrlImage.swift in Sources */,
				586D5C2928428DB600C79E0E /* SVGStructureParsers.swift in Sources */,
				5BE3327924E144B200BB0D60 /* SVGParserBasics.swift in Sources */,
				586D5C39284380D100C79E0E /* SVGAttribute.swift in Sources */,
				5BE3326124E144B200BB0D60 /* SVGShape.swift in Sources */,
				586D5C2F284298BB00C79E0E /* SVGImageParser.swift in Sources */,
				58A664F4283E96E700F1F6FD /* UIExtensions.swift in Sources */,
				5815294025B6C8F600E8D23A /* SVGPaint.swift in Sources */,
				58869B7525B5EB0B00F6E324 /* Serializable.swift in Sources */,
				586D5C492843A51300C79E0E /* SVGLengthAttribute.swift in Sources */,
				586D5C352842BDEC00C79E0E /* SVGSettings.swift in Sources */,
				5BE3326024E144B200BB0D60 /* SVGNode.swift in Sources */,
				5BD9758926721DF400432F2C /* SVGDataImage.swift in Sources */,
				58869B7925B5EB3300F6E324 /* Serializations.swift in Sources */,
				5B10181A2536C64700105E9A /* SVGUserSpaceNode.swift in Sources */,
				5BE3326824E144B200BB0D60 /* SVGEllipse.swift in Sources */,
				5BE3325F24E144B200BB0D60 /* SVGText.swift in Sources */,
				5B9750492759E63C00EBDCA6 /* CSSParser.swift in Sources */,
				582D0C2A28401A5600F945D8 /* SVGScreen.swift in Sources */,
				584FB65A283E9D3F00DC8015 /* SVGLogger.swift in Sources */,
				5BE3327624E144B200BB0D60 /* SVGConstants.swift in Sources */,
				5815294425B6C90F00E8D23A /* SVGColor.swift in Sources */,
				586D5C43284385AF00C79E0E /* SVGLengthParser.swift in Sources */,
				584FB657283E9CD000DC8015 /* SVGContext.swift in Sources */,
				586D5C2C284295C400C79E0E /* SVGTextParser.swift in Sources */,
				586D5C3228429BE600C79E0E /* SVGShapeParser.swift in Sources */,
				5B1017EC25358E5600105E9A /* SVGLength.swift in Sources */,
				58869B6D25B5C52D00F6E324 /* Serializer.swift in Sources */,
				5BE3327224E144B200BB0D60 /* SVGStroke.swift in Sources */,
				5BE3326324E144B200BB0D60 /* SVGLine.swift in Sources */,
				586D5C3F2843858100C79E0E /* SVGFontSizeAttribute.swift in Sources */,
				5BE3326224E144B200BB0D60 /* SVGPolygon.swift in Sources */,
				5BE3326724E144B200BB0D60 /* SVGRect.swift in Sources */,
				5B0BD94024EE669C00F23286 /* DOMParser.swift in Sources */,
				5BE3326424E144B200BB0D60 /* SVGPath.swift in Sources */,
				585A5C6125E2CCB6000E8B88 /* SVGGradient.swift in Sources */,
				58A66522283E9A0100F1F6FD /* MBezierPath+Extension_macOS.swift in Sources */,
				5B0BD94224EE66A400F23286 /* SVGView.swift in Sources */,
				5BE3327124E144B200BB0D60 /* SVGFont.swift in Sources */,
				5BE3326F24E144B200BB0D60 /* XMLNode.swift in Sources */,
				5B1017E725358E4400105E9A /* SVGViewport.swift in Sources */,
				582D0C262840189A00F945D8 /* SVGLinker.swift in Sources */,
			);
			runOnlyForDeploymentPostprocessing = 0;
		};
		5BE3322224E1446A00BB0D60 /* Sources */ = {
			isa = PBXSourcesBuildPhase;
			buildActionMask = 2147483647;
			files = (
				586D5C3328429BE600C79E0E /* SVGShapeParser.swift in Sources */,
				58A6650F283E99C300F1F6FD /* SVGUrlImage.swift in Sources */,
				58A6651F283E99F600F1F6FD /* Serializer.swift in Sources */,
				582D0C2B28401A5600F945D8 /* SVGScreen.swift in Sources */,
				58A66500283E999B00F1F6FD /* SVGGroup.swift in Sources */,
				58A664F8283E977600F1F6FD /* SVGParserExtensions.swift in Sources */,
				58A6650E283E99C100F1F6FD /* SVGDataImage.swift in Sources */,
				582D0C272840189A00F945D8 /* SVGLinker.swift in Sources */,
				585A5C2F25D007B6000E8B88 /* SVG11Tests.swift in Sources */,
				586D5C362842BDEC00C79E0E /* SVGSettings.swift in Sources */,
				58A664FC283E992400F1F6FD /* SVGPaint.swift in Sources */,
				58A6651E283E99F100F1F6FD /* SVGView.swift in Sources */,
				586D5C2D284295C400C79E0E /* SVGTextParser.swift in Sources */,
				58A66512283E99D300F1F6FD /* CSSParser.swift in Sources */,
				585A5C2725CFF2B9000E8B88 /* SVGRefGenerator.swift in Sources */,
				58A66517283E99E000F1F6FD /* SVGParserBasics.swift in Sources */,
				58A66509283E99B200F1F6FD /* SVGPath.swift in Sources */,
				58A66515283E99DA00F1F6FD /* SVGIndex.swift in Sources */,
				58A66514283E99D700F1F6FD /* SVGConstants.swift in Sources */,
				58A66521283E99FB00F1F6FD /* Serializations.swift in Sources */,
				58A66507283E99AC00F1F6FD /* SVGPolygon.swift in Sources */,
				586D5C30284298BB00C79E0E /* SVGImageParser.swift in Sources */,
				58A664FA283E991E00F1F6FD /* SVGLength.swift in Sources */,
				58A6650B283E99B700F1F6FD /* SVGRect.swift in Sources */,
				58A66520283E99F900F1F6FD /* Serializable.swift in Sources */,
				58A66505283E99A600F1F6FD /* SVGUserSpaceNode.swift in Sources */,
				58A66503283E99A100F1F6FD /* SVGShape.swift in Sources */,
				5852D67725BD74EF00AD201D /* SVG12Tests.swift in Sources */,
				58A664F5283E96E700F1F6FD /* UIExtensions.swift in Sources */,
				584FB65B283E9D3F00DC8015 /* SVGLogger.swift in Sources */,
				58A66506283E99A800F1F6FD /* SVGViewport.swift in Sources */,
				58A664FB283E992100F1F6FD /* SVGStroke.swift in Sources */,
				58A664FF283E996700F1F6FD /* SVGGradient.swift in Sources */,
				58A6650D283E99BC00F1F6FD /* SVGCircle.swift in Sources */,
				58A664FD283E992700F1F6FD /* SVGColor.swift in Sources */,
				58A66502283E999F00F1F6FD /* SVGNode.swift in Sources */,
				585A5C3525D007EA000E8B88 /* BaseTestCase.swift in Sources */,
				586D5C3A284380D100C79E0E /* SVGAttribute.swift in Sources */,
				58A66504283E99A400F1F6FD /* SVGText.swift in Sources */,
				586D5C2A28428DB600C79E0E /* SVGStructureParsers.swift in Sources */,
				58A6650A283E99B400F1F6FD /* SVGPolyline.swift in Sources */,
				58A6650C283E99B900F1F6FD /* SVGEllipse.swift in Sources */,
				58A66501283E999D00F1F6FD /* SVGImage.swift in Sources */,
				5B1F4630251348F70068EF42 /* MBezierPath+Extension_macOS.swift in Sources */,
				58A66510283E99CE00F1F6FD /* DOMParser.swift in Sources */,
				58A664FE283E992A00F1F6FD /* SVGPreserveAspectRatio.swift in Sources */,
				586D5C4A2843A51300C79E0E /* SVGLengthAttribute.swift in Sources */,
				58A6651C283E99EB00F1F6FD /* SVGParserPrimitives.swift in Sources */,
				584FB658283E9CD000DC8015 /* SVGContext.swift in Sources */,
				58A664F9283E991C00F1F6FD /* SVGFont.swift in Sources */,
				58A66516283E99DC00F1F6FD /* SVGParser.swift in Sources */,
				58A66518283E99E200F1F6FD /* SVGPathReader.swift in Sources */,
				586D5C2328428D1C00C79E0E /* SVGElementParser.swift in Sources */,
				58A66508283E99B000F1F6FD /* SVGLine.swift in Sources */,
				58A66511283E99D000F1F6FD /* XMLNode.swift in Sources */,
				586D5C44284385AF00C79E0E /* SVGLengthParser.swift in Sources */,
				586D5C402843858100C79E0E /* SVGFontSizeAttribute.swift in Sources */,
			);
			runOnlyForDeploymentPostprocessing = 0;
		};
/* End PBXSourcesBuildPhase section */

/* Begin PBXTargetDependency section */
		5BE3322924E1446A00BB0D60 /* PBXTargetDependency */ = {
			isa = PBXTargetDependency;
			target = 5BE3321C24E1446A00BB0D60 /* SVGView */;
			targetProxy = 5BE3322824E1446A00BB0D60 /* PBXContainerItemProxy */;
		};
/* End PBXTargetDependency section */

/* Begin XCBuildConfiguration section */
		5BE3322F24E1446A00BB0D60 /* Debug */ = {
			isa = XCBuildConfiguration;
			buildSettings = {
				ALWAYS_SEARCH_USER_PATHS = NO;
				CLANG_ANALYZER_NONNULL = YES;
				CLANG_ANALYZER_NUMBER_OBJECT_CONVERSION = YES_AGGRESSIVE;
				CLANG_CXX_LANGUAGE_STANDARD = "gnu++14";
				CLANG_CXX_LIBRARY = "libc++";
				CLANG_ENABLE_MODULES = YES;
				CLANG_ENABLE_OBJC_ARC = YES;
				CLANG_ENABLE_OBJC_WEAK = YES;
				CLANG_WARN_BLOCK_CAPTURE_AUTORELEASING = YES;
				CLANG_WARN_BOOL_CONVERSION = YES;
				CLANG_WARN_COMMA = YES;
				CLANG_WARN_CONSTANT_CONVERSION = YES;
				CLANG_WARN_DEPRECATED_OBJC_IMPLEMENTATIONS = YES;
				CLANG_WARN_DIRECT_OBJC_ISA_USAGE = YES_ERROR;
				CLANG_WARN_DOCUMENTATION_COMMENTS = YES;
				CLANG_WARN_EMPTY_BODY = YES;
				CLANG_WARN_ENUM_CONVERSION = YES;
				CLANG_WARN_INFINITE_RECURSION = YES;
				CLANG_WARN_INT_CONVERSION = YES;
				CLANG_WARN_NON_LITERAL_NULL_CONVERSION = YES;
				CLANG_WARN_OBJC_IMPLICIT_RETAIN_SELF = YES;
				CLANG_WARN_OBJC_LITERAL_CONVERSION = YES;
				CLANG_WARN_OBJC_ROOT_CLASS = YES_ERROR;
				CLANG_WARN_QUOTED_INCLUDE_IN_FRAMEWORK_HEADER = YES;
				CLANG_WARN_RANGE_LOOP_ANALYSIS = YES;
				CLANG_WARN_STRICT_PROTOTYPES = YES;
				CLANG_WARN_SUSPICIOUS_MOVE = YES;
				CLANG_WARN_UNGUARDED_AVAILABILITY = YES_AGGRESSIVE;
				CLANG_WARN_UNREACHABLE_CODE = YES;
				CLANG_WARN__DUPLICATE_METHOD_MATCH = YES;
				COPY_PHASE_STRIP = NO;
				CURRENT_PROJECT_VERSION = 1;
				DEBUG_INFORMATION_FORMAT = dwarf;
				ENABLE_STRICT_OBJC_MSGSEND = YES;
				ENABLE_TESTABILITY = YES;
				GCC_C_LANGUAGE_STANDARD = gnu11;
				GCC_DYNAMIC_NO_PIC = NO;
				GCC_NO_COMMON_BLOCKS = YES;
				GCC_OPTIMIZATION_LEVEL = 0;
				GCC_PREPROCESSOR_DEFINITIONS = (
					"DEBUG=1",
					"$(inherited)",
				);
				GCC_WARN_64_TO_32_BIT_CONVERSION = YES;
				GCC_WARN_ABOUT_RETURN_TYPE = YES_ERROR;
				GCC_WARN_UNDECLARED_SELECTOR = YES;
				GCC_WARN_UNINITIALIZED_AUTOS = YES_AGGRESSIVE;
				GCC_WARN_UNUSED_FUNCTION = YES;
				GCC_WARN_UNUSED_VARIABLE = YES;
				IPHONEOS_DEPLOYMENT_TARGET = 14.0;
				MACOSX_DEPLOYMENT_TARGET = 11.0;
				MTL_ENABLE_DEBUG_INFO = INCLUDE_SOURCE;
				MTL_FAST_MATH = YES;
				ONLY_ACTIVE_ARCH = YES;
				SDKROOT = macosx;
				SWIFT_ACTIVE_COMPILATION_CONDITIONS = DEBUG;
				SWIFT_OPTIMIZATION_LEVEL = "-Onone";
				TVOS_DEPLOYMENT_TARGET = 14.0;
				VERSIONING_SYSTEM = "apple-generic";
				VERSION_INFO_PREFIX = "";
				WATCHOS_DEPLOYMENT_TARGET = 7.0;
			};
			name = Debug;
		};
		5BE3323024E1446A00BB0D60 /* Release */ = {
			isa = XCBuildConfiguration;
			buildSettings = {
				ALWAYS_SEARCH_USER_PATHS = NO;
				CLANG_ANALYZER_NONNULL = YES;
				CLANG_ANALYZER_NUMBER_OBJECT_CONVERSION = YES_AGGRESSIVE;
				CLANG_CXX_LANGUAGE_STANDARD = "gnu++14";
				CLANG_CXX_LIBRARY = "libc++";
				CLANG_ENABLE_MODULES = YES;
				CLANG_ENABLE_OBJC_ARC = YES;
				CLANG_ENABLE_OBJC_WEAK = YES;
				CLANG_WARN_BLOCK_CAPTURE_AUTORELEASING = YES;
				CLANG_WARN_BOOL_CONVERSION = YES;
				CLANG_WARN_COMMA = YES;
				CLANG_WARN_CONSTANT_CONVERSION = YES;
				CLANG_WARN_DEPRECATED_OBJC_IMPLEMENTATIONS = YES;
				CLANG_WARN_DIRECT_OBJC_ISA_USAGE = YES_ERROR;
				CLANG_WARN_DOCUMENTATION_COMMENTS = YES;
				CLANG_WARN_EMPTY_BODY = YES;
				CLANG_WARN_ENUM_CONVERSION = YES;
				CLANG_WARN_INFINITE_RECURSION = YES;
				CLANG_WARN_INT_CONVERSION = YES;
				CLANG_WARN_NON_LITERAL_NULL_CONVERSION = YES;
				CLANG_WARN_OBJC_IMPLICIT_RETAIN_SELF = YES;
				CLANG_WARN_OBJC_LITERAL_CONVERSION = YES;
				CLANG_WARN_OBJC_ROOT_CLASS = YES_ERROR;
				CLANG_WARN_QUOTED_INCLUDE_IN_FRAMEWORK_HEADER = YES;
				CLANG_WARN_RANGE_LOOP_ANALYSIS = YES;
				CLANG_WARN_STRICT_PROTOTYPES = YES;
				CLANG_WARN_SUSPICIOUS_MOVE = YES;
				CLANG_WARN_UNGUARDED_AVAILABILITY = YES_AGGRESSIVE;
				CLANG_WARN_UNREACHABLE_CODE = YES;
				CLANG_WARN__DUPLICATE_METHOD_MATCH = YES;
				COPY_PHASE_STRIP = NO;
				CURRENT_PROJECT_VERSION = 1;
				DEBUG_INFORMATION_FORMAT = "dwarf-with-dsym";
				ENABLE_NS_ASSERTIONS = NO;
				ENABLE_STRICT_OBJC_MSGSEND = YES;
				GCC_C_LANGUAGE_STANDARD = gnu11;
				GCC_NO_COMMON_BLOCKS = YES;
				GCC_WARN_64_TO_32_BIT_CONVERSION = YES;
				GCC_WARN_ABOUT_RETURN_TYPE = YES_ERROR;
				GCC_WARN_UNDECLARED_SELECTOR = YES;
				GCC_WARN_UNINITIALIZED_AUTOS = YES_AGGRESSIVE;
				GCC_WARN_UNUSED_FUNCTION = YES;
				GCC_WARN_UNUSED_VARIABLE = YES;
				IPHONEOS_DEPLOYMENT_TARGET = 14.0;
				MACOSX_DEPLOYMENT_TARGET = 11.0;
				MTL_ENABLE_DEBUG_INFO = NO;
				MTL_FAST_MATH = YES;
				SDKROOT = macosx;
				SWIFT_COMPILATION_MODE = wholemodule;
				SWIFT_OPTIMIZATION_LEVEL = "-O";
				TVOS_DEPLOYMENT_TARGET = 14.0;
				VERSIONING_SYSTEM = "apple-generic";
				VERSION_INFO_PREFIX = "";
				WATCHOS_DEPLOYMENT_TARGET = 7.0;
			};
			name = Release;
		};
		5BE3323224E1446A00BB0D60 /* Debug */ = {
			isa = XCBuildConfiguration;
			buildSettings = {
				CODE_SIGN_STYLE = Automatic;
				COMBINE_HIDPI_IMAGES = YES;
				DEFINES_MODULE = YES;
				DYLIB_COMPATIBILITY_VERSION = 1;
				DYLIB_CURRENT_VERSION = 1;
				DYLIB_INSTALL_NAME_BASE = "@rpath";
				INFOPLIST_FILE = Source/Info.plist;
				INSTALL_PATH = "$(LOCAL_LIBRARY_DIR)/Frameworks";
				LD_RUNPATH_SEARCH_PATHS = (
					"$(inherited)",
					"@executable_path/../Frameworks",
					"@loader_path/Frameworks",
				);
				PRODUCT_BUNDLE_IDENTIFIER = exyte.SVGView;
				PRODUCT_NAME = "$(TARGET_NAME:c99extidentifier)";
				SDKROOT = iphoneos;
				SKIP_INSTALL = YES;
				SWIFT_VERSION = 5.0;
				TARGETED_DEVICE_FAMILY = "1,2";
			};
			name = Debug;
		};
		5BE3323324E1446A00BB0D60 /* Release */ = {
			isa = XCBuildConfiguration;
			buildSettings = {
				CODE_SIGN_STYLE = Automatic;
				COMBINE_HIDPI_IMAGES = YES;
				DEFINES_MODULE = YES;
				DYLIB_COMPATIBILITY_VERSION = 1;
				DYLIB_CURRENT_VERSION = 1;
				DYLIB_INSTALL_NAME_BASE = "@rpath";
				INFOPLIST_FILE = Source/Info.plist;
				INSTALL_PATH = "$(LOCAL_LIBRARY_DIR)/Frameworks";
				LD_RUNPATH_SEARCH_PATHS = (
					"$(inherited)",
					"@executable_path/../Frameworks",
					"@loader_path/Frameworks",
				);
				PRODUCT_BUNDLE_IDENTIFIER = exyte.SVGView;
				PRODUCT_NAME = "$(TARGET_NAME:c99extidentifier)";
				SDKROOT = iphoneos;
				SKIP_INSTALL = YES;
				SWIFT_VERSION = 5.0;
				TARGETED_DEVICE_FAMILY = "1,2";
			};
			name = Release;
		};
		5BE3323524E1446A00BB0D60 /* Debug */ = {
			isa = XCBuildConfiguration;
			buildSettings = {
				ALWAYS_EMBED_SWIFT_STANDARD_LIBRARIES = YES;
				CODE_SIGN_STYLE = Automatic;
				COMBINE_HIDPI_IMAGES = YES;
				INFOPLIST_FILE = SVGViewTests/Info.plist;
				LD_RUNPATH_SEARCH_PATHS = (
					"$(inherited)",
					"@executable_path/../Frameworks",
					"@loader_path/../Frameworks",
				);
				PRODUCT_BUNDLE_IDENTIFIER = exyte.SVGViewTests;
				PRODUCT_NAME = "$(TARGET_NAME)";
				SUPPORTED_PLATFORMS = "iphonesimulator iphoneos";
				SWIFT_VERSION = 5.0;
			};
			name = Debug;
		};
		5BE3323624E1446A00BB0D60 /* Release */ = {
			isa = XCBuildConfiguration;
			buildSettings = {
				ALWAYS_EMBED_SWIFT_STANDARD_LIBRARIES = YES;
				CODE_SIGN_STYLE = Automatic;
				COMBINE_HIDPI_IMAGES = YES;
				INFOPLIST_FILE = SVGViewTests/Info.plist;
				LD_RUNPATH_SEARCH_PATHS = (
					"$(inherited)",
					"@executable_path/../Frameworks",
					"@loader_path/../Frameworks",
				);
				PRODUCT_BUNDLE_IDENTIFIER = exyte.SVGViewTests;
				PRODUCT_NAME = "$(TARGET_NAME)";
				SUPPORTED_PLATFORMS = "iphonesimulator iphoneos";
				SWIFT_VERSION = 5.0;
			};
			name = Release;
		};
/* End XCBuildConfiguration section */

/* Begin XCConfigurationList section */
		5BE3321724E1446A00BB0D60 /* Build configuration list for PBXProject "SVGView" */ = {
			isa = XCConfigurationList;
			buildConfigurations = (
				5BE3322F24E1446A00BB0D60 /* Debug */,
				5BE3323024E1446A00BB0D60 /* Release */,
			);
			defaultConfigurationIsVisible = 0;
			defaultConfigurationName = Release;
		};
		5BE3323124E1446A00BB0D60 /* Build configuration list for PBXNativeTarget "SVGView" */ = {
			isa = XCConfigurationList;
			buildConfigurations = (
				5BE3323224E1446A00BB0D60 /* Debug */,
				5BE3323324E1446A00BB0D60 /* Release */,
			);
			defaultConfigurationIsVisible = 0;
			defaultConfigurationName = Release;
		};
		5BE3323424E1446A00BB0D60 /* Build configuration list for PBXNativeTarget "SVGViewTests" */ = {
			isa = XCConfigurationList;
			buildConfigurations = (
				5BE3323524E1446A00BB0D60 /* Debug */,
				5BE3323624E1446A00BB0D60 /* Release */,
			);
			defaultConfigurationIsVisible = 0;
			defaultConfigurationName = Release;
		};
/* End XCConfigurationList section */
	};
	rootObject = 5BE3321424E1446A00BB0D60 /* Project object */;
}
